
Microsoft Visual Studio Solution File, Format Version 12.00
# Visual Studio 15
VisualStudioVersion = 15.0.27703.2047
MinimumVisualStudioVersion = 10.0.40219.1
Project("{FAE04EC0-301F-11D3-BF4B-00C04F79EFBC}") = "MortgageCalculator", "MortgageCalculator\MortgageCalculator.csproj", "{2560D203-E293-4A1B-9F6A-853588600F85}"
EndProject
Global
	GlobalSection(SolutionConfigurationPlatforms) = preSolution
		Debug|Any CPU = Debug|Any CPU
		Release|Any CPU = Release|Any CPU
	EndGlobalSection
	GlobalSection(ProjectConfigurationPlatforms) = postSolution
		{2560D203-E293-4A1B-9F6A-853588600F85}.Debug|Any CPU.ActiveCfg = Debug|Any CPU
		{2560D203-E293-4A1B-9F6A-853588600F85}.Debug|Any CPU.Build.0 = Debug|Any CPU
		{2560D203-E293-4A1B-9F6A-853588600F85}.Release|Any CPU.ActiveCfg = Release|Any CPU
		{2560D203-E293-4A1B-9F6A-853588600F85}.Release|Any CPU.Build.0 = Release|Any CPU
	EndGlobalSection
	GlobalSection(SolutionProperties) = preSolution
		HideSolutionNode = FALSE
	EndGlobalSection
	GlobalSection(ExtensibilityGlobals) = postSolution
		SolutionGuid = {0EB5F7C8-42CD-4AD1-B684-4E255F0CCED7}
	EndGlobalSection
EndGlobal
